{
  "name": "injection-test",
  "version": "1.0.0",
  "lockfileVersion": 1,
  "requires": true,
  "dependencies": {
    "@types/node": {
      "version": "12.6.8",
      "resolved": "http://ires.58corp.com/repository/58npm/@types/node/-/node-12.6.8.tgz",
      "integrity": "sha1-5Gm0v50cmDKu5JB7qKBRSUNXwSw="
    },
    "camelcase": {
      "version": "5.3.1",
      "resolved": "http://ires.58corp.com/repository/58npm/camelcase/-/camelcase-5.3.1.tgz",
      "integrity": "sha1-48mzFWnhBoEd8kL3FXJaH0xJQyA="
    },
    "co": {
      "version": "4.6.0",
      "resolved": "http://ires.58corp.com/repository/58npm/co/-/co-4.6.0.tgz",
      "integrity": "sha1-bqa989hTrlTMuOR7+gvz+QMfsYQ="
    },
    "core-util-is": {
      "version": "1.0.2",
      "resolved": "http://ires.58corp.com/repository/58npm/core-util-is/-/core-util-is-1.0.2.tgz",
      "integrity": "sha1-tf1UIgqivFq1eqtxQMlAdUUDwac="
    },
    "debug": {
      "version": "4.1.1",
      "resolved": "http://ires.58corp.com/repository/58npm/debug/-/debug-4.1.1.tgz",
      "integrity": "sha1-O3ImAlUQnGtYnO4FDx1RYTlmR5E=",
      "requires": {
        "ms": "^2.1.1"
      }
    },
    "graphviz": {
      "version": "0.0.8",
      "resolved": "http://ires.58corp.com/repository/58npm/graphviz/-/graphviz-0.0.8.tgz",
      "integrity": "sha1-5ZnkBzPvgOFlO/6JpfAx7PKqSqo=",
      "requires": {
        "temp": "~0.4.0"
      }
    },
    "injection": {
      "version": "1.5.2",
      "resolved": "http://ires.58corp.com/repository/58npm/injection/-/injection-1.5.2.tgz",
      "integrity": "sha1-wxQSqnEUyMW+SNY4pm6hqnSgjUk=",
      "requires": {
        "camelcase": "^5.0.0",
        "co": "^4.6.0",
        "debug": "^4.1.1",
        "graphviz": "^0.0.8",
        "is-type-of": "^1.2.1",
        "lodash.assign": "^4.2.0",
        "lodash.clonedeep": "^4.5.0",
        "lodash.defaultsdeep": "^4.6.0",
        "lodash.forown": "^4.4.0",
        "lodash.get": "^4.4.2",
        "lodash.has": "^4.5.2",
        "lodash.keys": "^4.2.0",
        "lodash.set": "^4.3.2",
        "lodash.template": "^4.4.0",
        "reflect-metadata": "^0.1.13",
        "uuid": "^3.3.2"
      }
    },
    "is-class-hotfix": {
      "version": "0.0.6",
      "resolved": "http://ires.58corp.com/repository/58npm/is-class-hotfix/-/is-class-hotfix-0.0.6.tgz",
      "integrity": "sha1-pSfTH7IyeSgd3l84XHe13nCnJDU="
    },
    "is-type-of": {
      "version": "1.2.1",
      "resolved": "http://ires.58corp.com/repository/58npm/is-type-of/-/is-type-of-1.2.1.tgz",
      "integrity": "sha1-4mPsOFes608oxHEw7HjbCakg+MU=",
      "requires": {
        "core-util-is": "^1.0.2",
        "is-class-hotfix": "~0.0.6",
        "isstream": "~0.1.2"
      }
    },
    "isstream": {
      "version": "0.1.2",
      "resolved": "http://ires.58corp.com/repository/58npm/isstream/-/isstream-0.1.2.tgz",
      "integrity": "sha1-R+Y/evVa+m+S4VAOaQ64uFKcCZo="
    },
    "lodash._reinterpolate": {
      "version": "3.0.0",
      "resolved": "http://ires.58corp.com/repository/58npm/lodash._reinterpolate/-/lodash._reinterpolate-3.0.0.tgz",
      "integrity": "sha1-DM8tiRZq8Ds2Y8eWU4t1rG4RTZ0="
    },
    "lodash.assign": {
      "version": "4.2.0",
      "resolved": "http://ires.58corp.com/repository/58npm/lodash.assign/-/lodash.assign-4.2.0.tgz",
      "integrity": "sha1-DZnzzNem0mHRm9rrkkUAXShYCOc="
    },
    "lodash.clonedeep": {
      "version": "4.5.0",
      "resolved": "http://ires.58corp.com/repository/58npm/lodash.clonedeep/-/lodash.clonedeep-4.5.0.tgz",
      "integrity": "sha1-4j8/nE+Pvd6HJSnBBxhXoIblzO8="
    },
    "lodash.defaultsdeep": {
      "version": "4.6.1",
      "resolved": "http://ires.58corp.com/repository/58npm/lodash.defaultsdeep/-/lodash.defaultsdeep-4.6.1.tgz",
      "integrity": "sha1-US6b1yHSctlOPTpjZT+hdRZ0HKY="
    },
    "lodash.forown": {
      "version": "4.4.0",
      "resolved": "http://ires.58corp.com/repository/58npm/lodash.forown/-/lodash.forown-4.4.0.tgz",
      "integrity": "sha1-hRFc8E9z75ZuztUlEdOJPMRmg68="
    },
    "lodash.get": {
      "version": "4.4.2",
      "resolved": "http://ires.58corp.com/repository/58npm/lodash.get/-/lodash.get-4.4.2.tgz",
      "integrity": "sha1-LRd/ZS+jHpObRDjVNBSZ36OCXpk="
    },
    "lodash.has": {
      "version": "4.5.2",
      "resolved": "http://ires.58corp.com/repository/58npm/lodash.has/-/lodash.has-4.5.2.tgz",
      "integrity": "sha1-0Z9NwQlQWMzL4rDN9O4P5Ko3yGI="
    },
    "lodash.keys": {
      "version": "4.2.0",
      "resolved": "http://ires.58corp.com/repository/58npm/lodash.keys/-/lodash.keys-4.2.0.tgz",
      "integrity": "sha1-oIYCrBLk+4P5H8H7ejYKTZujUgU="
    },
    "lodash.set": {
      "version": "4.3.2",
      "resolved": "http://ires.58corp.com/repository/58npm/lodash.set/-/lodash.set-4.3.2.tgz",
      "integrity": "sha1-2HV7HagH3eJIFrDWqEvqGnYjCyM="
    },
    "lodash.template": {
      "version": "4.5.0",
      "resolved": "http://ires.58corp.com/repository/58npm/lodash.template/-/lodash.template-4.5.0.tgz",
      "integrity": "sha1-+XYZXPPzR9DV9SSDVp/oAxzM6Ks=",
      "requires": {
        "lodash._reinterpolate": "^3.0.0",
        "lodash.templatesettings": "^4.0.0"
      }
    },
    "lodash.templatesettings": {
      "version": "4.2.0",
      "resolved": "http://ires.58corp.com/repository/58npm/lodash.templatesettings/-/lodash.templatesettings-4.2.0.tgz",
      "integrity": "sha1-5IExDwSdPPbUfpEq0JMTsVTw+zM=",
      "requires": {
        "lodash._reinterpolate": "^3.0.0"
      }
    },
    "ms": {
      "version": "2.1.2",
      "resolved": "http://ires.58corp.com/repository/58npm/ms/-/ms-2.1.2.tgz",
      "integrity": "sha1-0J0fNXtEP0kzgqjrPM0YOHKuYAk="
    },
    "reflect-metadata": {
      "version": "0.1.13",
      "resolved": "http://ires.58corp.com/repository/58npm/reflect-metadata/-/reflect-metadata-0.1.13.tgz",
      "integrity": "sha1-Z648pXyXKiqhZCsQ/jY/4y1J3Ag="
    },
    "temp": {
      "version": "0.4.0",
      "resolved": "http://ires.58corp.com/repository/58npm/temp/-/temp-0.4.0.tgz",
      "integrity": "sha1-ZxrWPVe+D+nXKUZks/xABjZnimA="
    },
    "uuid": {
      "version": "3.3.2",
      "resolved": "http://ires.58corp.com/repository/58npm/uuid/-/uuid-3.3.2.tgz",
      "integrity": "sha1-G0r0lV6zB3xQHCOHL8ZROBFYcTE="
    }
  }
}
